schema: '2.0'
stages:
  data_clean:
    cmd: python src/data_clean.py
    deps:
    - path: data/data.csv
      hash: md5
      md5: f1b710c2e331b8ccb8823acaf017fd06
      size: 724995
    - path: src/data_clean.py
      hash: md5
      md5: 6a3ada84288bb885f515342794188a61
      size: 3144
    params:
      params.yaml:
        cleaning.sentiment_mapping:
          5 stars: 2
          4 stars: 2
          3 stars: 1
          2 stars: 0
          1 star: 0
        data.input: data/data.csv
        data.split: data/split
        mlflow.uri: 
          http://ec2-16-112-70-97.ap-south-2.compute.amazonaws.com:5000/
    outs:
    - path: data/split
      hash: md5
      md5: 87694e241738167d153541441a55fc8d.dir
      size: 696995
      nfiles: 3
